hash: bebf6dc340226b048bddac1d1937191be2181b87f028e44b2d76779ee7f1f4dc
updated: 2017-05-09T18:39:29.227875+02:00
imports:
- name: github.com/asdine/storm
  version: faf2c5d33aa0f572fa56e03de17c87b278b976c6
  subpackages:
  - codec
  - codec/json
  - index
  - internal
  - q
- name: github.com/beorn7/perks
  version: 4c0e84591b9aa9e6dcfdf3e020114cd81f89d5f9
  subpackages:
  - quantile
- name: github.com/boltdb/bolt
  version: e9cf4fae01b5a8ff89d0ec6b32f0d9c9f79aefdd
- name: github.com/emirpasic/gods
  version: fc3e4a43ff31b0accc20d750d64ea4b45ee61a5e
  subpackages:
  - containers
  - trees
  - trees/redblacktree
  - utils
- name: github.com/facebookgo/clock
  version: 600d898af40aa09a7a93ecb9265d87b0504b6f03
- name: github.com/facebookgo/grace
  version: 5729e484473f52048578af1b80d0008c7024089b
  subpackages:
  - gracehttp
  - gracenet
- name: github.com/facebookgo/httpdown
  version: a3b1354551a26449fbe05f5d855937f6e7acbd71
- name: github.com/facebookgo/stats
  version: 1b76add642e42c6ffba7211ad7b3939ce654526e
- name: github.com/gin-gonic/gin
  version: e2212d40c62a98b388a5eb48ecbdcf88534688ba
  subpackages:
  - binding
  - render
- name: github.com/golang/protobuf
  version: 2402d76f3d41f928c7902a765dfc872356dd3aad
  subpackages:
  - proto
- name: github.com/golang/snappy
  version: 7db9049039a047d955fe8c19b83c8ff5abd765c7
- name: github.com/google/go-gcm
  version: 190e93b4cedb43562b5bd558eb1a1bbd38695bcd
- name: github.com/jpillora/backoff
  version: f24585d1c70490c0920ab34924f54f726e1416c7
- name: github.com/manucorporat/sse
  version: ee05b128a739a0fb76c7ebd3ae4810c1de808d6d
- name: github.com/martijnc/gowebpush
  version: ae7846d0bd7fa3d9fcba6262cce046a15f3049c4
  subpackages:
  - ece
  - webpush
- name: github.com/mattn/go-isatty
  version: fc9e8d8ef48496124e79ae0df75490096eccf6fe
- name: github.com/mattn/go-xmpp
  version: 325c112042ffd34aa24365590d3a6fdd1a79c011
- name: github.com/matttproud/golang_protobuf_extensions
  version: c12348ce28de40eed0136aa2b644d0ee0650e56c
  subpackages:
  - pbutil
- name: github.com/pborman/uuid
  version: 1b00554d822231195d1babd97ff4a781231955c9
- name: github.com/prometheus/client_golang
  version: c5b7fccd204277076155f10851dad72b76a49317
  subpackages:
  - prometheus
  - prometheus/promhttp
- name: github.com/prometheus/client_model
  version: fa8ad6fec33561be4280a8f0514318c79d7f6cb6
  subpackages:
  - go
- name: github.com/prometheus/common
  version: dd2f054febf4a6c00f2343686efb775948a8bff4
  subpackages:
  - expfmt
  - internal/bitbucket.org/ww/goautoneg
  - model
- name: github.com/prometheus/procfs
  version: 1878d9fbb537119d24b21ca07effd591627cd160
- name: github.com/sideshow/apns2
  version: 6ffbf017e660feff7df81e68de6482e263fae288
  subpackages:
  - certificate
  - payload
- name: github.com/Sirupsen/logrus
  version: ba1b36c82c5e05c4f912a88eab0dcd91a171688f
- name: github.com/syndtr/goleveldb
  version: 23851d93a2292dcc56e71a18ec9e0624d84a0f65
  subpackages:
  - leveldb
  - leveldb/cache
  - leveldb/comparer
  - leveldb/errors
  - leveldb/filter
  - leveldb/iterator
  - leveldb/journal
  - leveldb/memdb
  - leveldb/opt
  - leveldb/storage
  - leveldb/table
  - leveldb/util
- name: github.com/thoas/stats
  version: 152b5d051953fdb6e45f14b6826962aadc032324
- name: github.com/tidwall/btree
  version: 9876f1454cf0993a53d74c27196993e345f50dd1
- name: github.com/tidwall/buntdb
  version: 74dc10171b7549022c818bd212a9ddea151db02e
- name: github.com/tidwall/gjson
  version: 09d1c5c5bc64e094394dfe2150220d906c55ac37
- name: github.com/tidwall/grect
  version: ba9a043346eba55344e40d66a5e74cfda3a9d293
- name: github.com/tidwall/match
  version: 173748da739a410c5b0b813b956f89ff94730b4c
- name: github.com/tidwall/rtree
  version: d4a8a3d30d5729f85edfba1745241f3a621d0359
- name: golang.org/x/crypto
  version: 453249f01cfeb54c3d549ddb75ff152ca243f9d8
  subpackages:
  - hkdf
  - pkcs12
  - pkcs12/internal/rc2
- name: golang.org/x/net
  version: f315505cf3349909cdf013ea56690da34e96a451
  subpackages:
  - context
  - context/ctxhttp
  - http2
  - http2/hpack
- name: golang.org/x/sys
  version: 7a6e5648d140666db5d920909e082ca00a87ba2c
  subpackages:
  - unix
- name: gopkg.in/appleboy/gin-status-api.v1
  version: d41a075a5a6883245b7fdefbefd4fa4d1462e1f1
- name: gopkg.in/appleboy/gofight.v2
  version: beadc315fb676177c07a89c34159b9ca4e1aafd9
- name: gopkg.in/fukata/golang-stats-api-handler.v1
  version: 90f0b59102629831cc109845475a8d77043412ec
- name: gopkg.in/go-playground/validator.v8
  version: c193cecd124b5cc722d7ee5538e945bdb3348435
- name: gopkg.in/redis.v5
  version: a16aeec10ff407b1e7be6dd35797ccf5426ef0f0
  subpackages:
  - internal
  - internal/consistenthash
  - internal/hashtag
  - internal/pool
  - internal/proto
- name: gopkg.in/yaml.v2
  version: a3f3340b5840cee44f372bddb5880fcbc419b46a
testImports:
- name: github.com/buger/jsonparser
  version: 5b691c8ebc4af5191baa426561d62f1b5115d6e5
- name: github.com/davecgh/go-spew
  version: 5215b55f46b2b919f50a1df0eaa5886afe4e3b3d
  subpackages:
  - spew
- name: github.com/pmezard/go-difflib
  version: 792786c7400a136282c1664665ae0a8db921c6c2
  subpackages:
  - difflib
- name: github.com/stretchr/testify
  version: 69483b4bd14f5845b5a1e55bca19e954e827f1d0
  subpackages:
  - assert
  - require
  - suite
