hash: 4ee18de0a09fd239b069a5830dc26083f603fd14e06f8cada4c0934366ee343e
updated: 2016-09-19T16:53:10.40422002+08:00
imports:
- name: github.com/asdine/storm
  version: 00b2f2df7ab7af9db746b826649395628cb5374e
  subpackages:
  - codec
  - codec/gob
  - index
- name: github.com/boltdb/bolt
  version: acc803f0ced151102ed51bf824f8709ebd6602bc
- name: github.com/buger/jsonparser
  version: 183ade1ac7705adf72585f92410fc0912783217a
- name: github.com/fvbock/endless
  version: 2cdc20a776897c0f406853c048c33e2c1a9f0ebf
- name: github.com/gin-gonic/gin
  version: f931d1ea80ae95a6fc739213cdd9399bd2967fb6
  subpackages:
  - binding
  - render
- name: github.com/golang/protobuf
  version: 2402d76f3d41f928c7902a765dfc872356dd3aad
  subpackages:
  - proto
- name: github.com/golang/snappy
  version: d9eb7a3d35ec988b8585d4a0068e462c27d28380
- name: github.com/google/go-gcm
  version: 190e93b4cedb43562b5bd558eb1a1bbd38695bcd
- name: github.com/jpillora/backoff
  version: 0496a6c14df020789376f4d4a261273d5ddb36ec
- name: github.com/manucorporat/sse
  version: ee05b128a739a0fb76c7ebd3ae4810c1de808d6d
- name: github.com/mattn/go-xmpp
  version: e44d1877bb457f5c3991903e9934a31e55c3a2ad
- name: github.com/pborman/uuid
  version: c55201b036063326c5b1b89ccfe45a184973d073
- name: github.com/sideshow/apns2
  version: eacc6af2afb61c660381cd3b75a6ecc2fefffcdc
  subpackages:
  - certificate
  - payload
- name: github.com/Sirupsen/logrus
  version: 4b6ea7319e214d98c938f12692336f7ca9348d6b
- name: github.com/stretchr/testify
  version: f390dcf405f7b83c997eac1b06768bb9f44dec18
  subpackages:
  - assert
  - suite
  - require
- name: github.com/syndtr/goleveldb
  version: 6ae1797c0b42b9323fc27ff7dcf568df88f2f33d
  subpackages:
  - leveldb
  - leveldb/cache
  - leveldb/comparer
  - leveldb/errors
  - leveldb/filter
  - leveldb/iterator
  - leveldb/journal
  - leveldb/memdb
  - leveldb/opt
  - leveldb/storage
  - leveldb/table
  - leveldb/util
- name: github.com/thoas/stats
  version: 69e3c072eec2df2df41afe6214f62eb940e4cd80
- name: github.com/tidwall/btree
  version: 7ebb98011b36ffcdcf7a5d8062d6e6c651a49560
- name: github.com/tidwall/buntdb
  version: 912f340175491888fdd33687d7a309921b6c1e49
- name: github.com/tidwall/rtree
  version: 1737a7bdeb7e5f8303905c5b385f1eeb0f7272ab
  subpackages:
  - dims/d1
  - dims/d10
  - dims/d11
  - dims/d12
  - dims/d13
  - dims/d14
  - dims/d15
  - dims/d16
  - dims/d17
  - dims/d18
  - dims/d19
  - dims/d2
  - dims/d20
  - dims/d3
  - dims/d4
  - dims/d5
  - dims/d6
  - dims/d7
  - dims/d8
  - dims/d9
- name: golang.org/x/crypto
  version: c2f4947f41766b144bb09066e919466da5eddeae
  subpackages:
  - pkcs12
  - pkcs12/internal/rc2
- name: golang.org/x/net
  version: f315505cf3349909cdf013ea56690da34e96a451
  subpackages:
  - context
  - http2
  - http2/hpack
- name: golang.org/x/sys
  version: a408501be4d17ee978c04a618e7a1b22af058c0e
  subpackages:
  - unix
- name: gopkg.in/appleboy/gin-status-api.v1
  version: d41a075a5a6883245b7fdefbefd4fa4d1462e1f1
- name: gopkg.in/appleboy/gofight.v1
  version: 1a36a6d5ab10fba252a9cbecb1bcb72f9a2e6770
- name: gopkg.in/bsm/ratelimit.v1
  version: db14e161995a5177acef654cb0dd785e8ee8bc22
- name: gopkg.in/fukata/golang-stats-api-handler.v1
  version: 90f0b59102629831cc109845475a8d77043412ec
- name: gopkg.in/go-playground/validator.v8
  version: c193cecd124b5cc722d7ee5538e945bdb3348435
- name: gopkg.in/redis.v4
  version: 938235994ea88a05678f8060741d5f34ed6a5ff3
- name: gopkg.in/yaml.v2
  version: a83829b6f1293c91addabc89d0571c246397bbf4
testImports:
- name: github.com/davecgh/go-spew
  version: 5215b55f46b2b919f50a1df0eaa5886afe4e3b3d
  subpackages:
  - spew
- name: github.com/labstack/echo
  version: 451b2ccc9ffda7fd7fad2027b75d93b18ff87cbe
  subpackages:
  - engine
  - test
  - log
- name: github.com/labstack/gommon
  version: 722aa12d41c236ce78ff48eac1cafe0107ecdc9d
  subpackages:
  - log
  - color
- name: github.com/mattn/go-colorable
  version: 9056b7a9f2d1f2d96498d6d146acd1f9d5ed3d59
- name: github.com/mattn/go-isatty
  version: 56b76bdf51f7708750eac80fa38b952bb9f32639
- name: github.com/pmezard/go-difflib
  version: 792786c7400a136282c1664665ae0a8db921c6c2
  subpackages:
  - difflib
- name: github.com/valyala/fasttemplate
  version: 3b874956e03f1636d171bda64b130f9135f42cff
