github.com/AndreasBriese/bbloom v0.0.0-20170702084017-28f7e881ca57 h1:CVuXDbdzPW0XCNYTldy5dQues57geAs+vfwz3FTTpy8=
github.com/AndreasBriese/bbloom v0.0.0-20170702084017-28f7e881ca57/go.mod h1:bOvUY6CB00SOBii9/FifXqc0awNKxLFCL/+pkDPuyl8=
github.com/apex/gateway v0.0.0-20180121231047-e9c6ccec8851/go.mod h1:x7iPY22zu9D8sfrynawEwh1wZEO/kQTRaOM5ye02tWU=
github.com/appleboy/com v0.0.0-20180410030638-c0b5901f9622 h1:ozHD8HTq7ivv8vTJRCAzjA4wEA8BMGekxMDZrFdqz5M=
github.com/appleboy/com v0.0.0-20180410030638-c0b5901f9622/go.mod h1:rtwjPnHClMOJw4K5oW3ASx9BCPCJ1SDbFbzJjY4Ebqw=
github.com/appleboy/go-fcm v0.0.0-20180823141355-c8cd26f2c452 h1:+O17Ly9bsfToQAJApv4FeLYqbm0OZyE2nupljZ1iQrc=
github.com/appleboy/go-fcm v0.0.0-20180823141355-c8cd26f2c452/go.mod h1:DeokSWAx9RKLcVXRodWJ0lpvHaMPfQx+cC/zODK7g8A=
github.com/asdine/storm v0.0.0-20170209191653-de95a2ead13a h1:+fMyGdnBFcIfdzMHhOXRhdnTbRAqDv8ahtl4nzP5l9Y=
github.com/asdine/storm v0.0.0-20170209191653-de95a2ead13a/go.mod h1:RarYDc9hq1UPLImuiXK3BIWPJLdIygvV3PsInK0FbVQ=
github.com/aws/aws-lambda-go v0.0.0-20180121103608-6736675908bd/go.mod h1:zUsUQhAUjYzR8AuduJPCfhBuKWUaDbQiPOG+ouzmE1A=
github.com/beorn7/perks v0.0.0-20160804104726-4c0e84591b9a h1:BtpsbiV638WQZwhA98cEZw2BsbnQJrbd0BI7tsy0W1c=
github.com/beorn7/perks v0.0.0-20160804104726-4c0e84591b9a/go.mod h1:Dwedo/Wpr24TaqPxmxbtue+5NUziq4I4S80YR8gNf3Q=
github.com/boltdb/bolt v0.0.0-20170131192018-e9cf4fae01b5 h1:CEa4aInusZzqB0d5gjtQFqUQjWBa30RQR8mXuu2RnXw=
github.com/boltdb/bolt v0.0.0-20170131192018-e9cf4fae01b5/go.mod h1:clJnj/oiGkjum5o1McbSZDSLxVThjynRyGBgiAx27Ps=
github.com/buger/jsonparser v0.0.0-20170215081816-6bd16707875b/go.mod h1:bbYlZJ7hK1yFx9hf58LP0zeX7UjIGs20ufpu3evjr+s=
github.com/davecgh/go-spew v1.1.0/go.mod h1:J7Y8YcW2NihsgmVo/mv3lAwl/skON4iLHjSsI+c5H38=
github.com/dgraph-io/badger v0.0.0-20180406055407-deb140b63781 h1:2cZr+tpKuiLcuT0rk63IBRAuNNmktyLjSnFSFHXqZcs=
github.com/dgraph-io/badger v0.0.0-20180406055407-deb140b63781/go.mod h1:VZxzAIRPHRVNRKRo6AXrX9BJegn6il06VMTZVJYCIjQ=
github.com/dgrijalva/jwt-go v3.1.0+incompatible h1:FFziAwDQQ2dz1XClWMkwvukur3evtZx7x/wMHKM1i20=
github.com/dgrijalva/jwt-go v3.1.0+incompatible/go.mod h1:E3ru+11k8xSBh+hMPgOLZmtrrCbhqsmaPHjLKYnJCaQ=
github.com/dgryski/go-farm v0.0.0-20180109070241-2de33835d102 h1:afESQBXJEnj3fu+34X//E8Wg3nEbMJxJkwSc0tPePK0=
github.com/dgryski/go-farm v0.0.0-20180109070241-2de33835d102/go.mod h1:SqUrOPUnsFjfmXRMNPybcSiG0BgUW2AuFH8PAnS2iTw=
github.com/emirpasic/gods v0.0.0-20170204130913-fc3e4a43ff31 h1:l2nU4fk8IgsxoSLC2Tj+UrqiZXlFfZGMAj04oMJN+VU=
github.com/emirpasic/gods v0.0.0-20170204130913-fc3e4a43ff31/go.mod h1:YfzfFFoVP/catgzJb4IKIqXjX78Ha8FMSDh3ymbK86o=
github.com/facebookgo/clock v0.0.0-20150410010913-600d898af40a h1:yDWHCSQ40h88yih2JAcL6Ls/kVkSE8GFACTGVnMPruw=
github.com/facebookgo/clock v0.0.0-20150410010913-600d898af40a/go.mod h1:7Ga40egUymuWXxAe151lTNnCv97MddSOVsjpPPkityA=
github.com/facebookgo/grace v0.0.0-20170218225239-4afe952a37a4 h1:c8bY3vJpaia8nrZANEBY8yL7rGg7TSit8O1eAJe4hbo=
github.com/facebookgo/grace v0.0.0-20170218225239-4afe952a37a4/go.mod h1:KigFdumBXUPSwzLDbeuzyt0elrL7+CP7TKuhrhT4bcU=
github.com/facebookgo/httpdown v0.0.0-20160323221027-a3b1354551a2 h1:3Zvf9wRhl1cOhckN1oRGWPOkIhOketmEcrQ4TeFAoR4=
github.com/facebookgo/httpdown v0.0.0-20160323221027-a3b1354551a2/go.mod h1:TUV/fX3XrTtBQb5+ttSUJzcFgLNpILONFTKmBuk5RSw=
github.com/facebookgo/stats v0.0.0-20151006221625-1b76add642e4 h1:0YtRCqIZs2+Tz49QuH6cJVw/IFqzo39gEqZ0iYLxD2M=
github.com/facebookgo/stats v0.0.0-20151006221625-1b76add642e4/go.mod h1:vsJz7uE339KUCpBXx3JAJzSRH7Uk4iGGyJzR529qDIA=
github.com/fsnotify/fsnotify v0.0.0-20170329110642-4da3e2cfbabc h1:fqUzyjP8DApxXq0dOZJE/NvqQkyjxiTy9ARNyRwBPEw=
github.com/fsnotify/fsnotify v0.0.0-20170329110642-4da3e2cfbabc/go.mod h1:jwhsz4b93w/PPRr/qN1Yymfu8t87LnFCMoQvtojpjFo=
github.com/gin-contrib/sse v0.0.0-20170109093832-22d885f9ecc7 h1:AzN37oI0cOS+cougNAV9szl6CVoj2RYwzS3DpUQNtlY=
github.com/gin-contrib/sse v0.0.0-20170109093832-22d885f9ecc7/go.mod h1:VJ0WA2NBN22VlZ2dKZQPAPnyWw5XTlK1KymzLKsr59s=
github.com/gin-gonic/gin v0.0.0-20170929084810-b8b68314faa0 h1:9NJhszAM+V+E0qESsPI3EGhCINyqzDWAwC0/dPEUexM=
github.com/gin-gonic/gin v0.0.0-20170929084810-b8b68314faa0/go.mod h1:7cKuhb5qV2ggCFctp2fJQ+ErvciLZrIeoOSOm6mUr7Y=
github.com/golang/protobuf v0.0.0-20171021043952-1643683e1b54 h1:nRNJXiJvemchkOTn0V4U11TZkvacB94gTzbTZbSA7Rw=
github.com/golang/protobuf v0.0.0-20171021043952-1643683e1b54/go.mod h1:6lQm79b+lXiMfvg/cZm0SGofjICqVBUtrP5yJMmIC1U=
github.com/golang/snappy v0.0.0-20170215233205-553a64147049 h1:K9KHZbXKpGydfDN0aZrsoHpLJlZsBrGMFWbgLDGnPZk=
github.com/golang/snappy v0.0.0-20170215233205-553a64147049/go.mod h1:/XxbfmMg8lxefKM7IXC3fBNl/7bRcc72aCRzEWrmP2Q=
github.com/hashicorp/hcl v0.0.0-20171017181929-23c074d0eceb h1:1OvvPvZkn/yCQ3xBcM8y4020wdkMXPHLB4+NfoGWh4U=
github.com/hashicorp/hcl v0.0.0-20171017181929-23c074d0eceb/go.mod h1:oZtUIOe8dh44I2q6ScRibXws4Ajl+d+nod3AaR9vL5w=
github.com/json-iterator/go v0.0.0-20170713110145-8b0360418449/go.mod h1:+SdeFBvtyEkXs7REEP0seUULqWtbJapLOCVDaaPEHmU=
github.com/magiconair/properties v0.0.0-20170902060319-8d7837e64d3c h1:BDr2SMw3gKp9Xyvp33plTgRPEkE6NralNG0JLuBgkiQ=
github.com/magiconair/properties v0.0.0-20170902060319-8d7837e64d3c/go.mod h1:PppfXfuXeibc/6YijjN8zIbojt8czPbwD3XqdrwzmxQ=
github.com/mattn/go-isatty v0.0.0-20170216235908-dda3de49cbfc h1:pK7tzC30erKOTfEDCYGvPZQCkmM9X5iSmmAR5m9x3Yc=
github.com/mattn/go-isatty v0.0.0-20170216235908-dda3de49cbfc/go.mod h1:M+lRXTBqGeGNdLjl/ufCoiOlB5xdOkqRJdNxMWT7Zi4=
github.com/matttproud/golang_protobuf_extensions v1.0.1 h1:4hp9jkHxhMHkqkrB3Ix0jegS5sx/RkqARlsWZ6pIwiU=
github.com/matttproud/golang_protobuf_extensions v1.0.1/go.mod h1:D8He9yQNgCq6Z5Ld7szi9bcBfOoFv/3dc6xSMkL2PC0=
github.com/mitchellh/mapstructure v0.0.0-20171017171808-06020f85339e h1:PtGHLB3CX3TFPcksODQMxncoeQKWwCgTg0bJ40VLJP4=
github.com/mitchellh/mapstructure v0.0.0-20171017171808-06020f85339e/go.mod h1:FVVH3fgwuzCH5S8UJGiWEs2h04kUh9fWfEaFds41c1Y=
github.com/pelletier/go-toml v0.0.0-20171022022338-8c31c2ec65b2 h1:RTx6HBVnEPvm6X4nj0Tw4ebgCq6XgwnKCvsqbKGD4XQ=
github.com/pelletier/go-toml v0.0.0-20171022022338-8c31c2ec65b2/go.mod h1:5z9KED0ma1S8pY6P1sdut58dfprrGBbd/94hg7ilaic=
github.com/pkg/errors v0.0.0-20171216070316-e881fd58d78e h1:+RHxT/gm0O3UF7nLJbdNzAmULvCFt4XfXHWzh3XI/zs=
github.com/pkg/errors v0.0.0-20171216070316-e881fd58d78e/go.mod h1:bwawxfHBFNV+L2hUp1rHADufV3IMtnDRdf1r5NINEl0=
github.com/pmezard/go-difflib v1.0.0/go.mod h1:iKH77koFhYxTK1pcRnkKkqfTogsbg7gZNVY4sRDYZ/4=
github.com/prometheus/client_golang v0.0.0-20170217083107-6ab3432d241c h1:zLYM96wNvga1NMXcC49BvEOwQ8MdzKoNcMeEgWwZhMo=
github.com/prometheus/client_golang v0.0.0-20170217083107-6ab3432d241c/go.mod h1:7SWBe2y4D6OKWSNQJUaRYU/AaXPKyh/dDVn+NZz0KFw=
github.com/prometheus/client_model v0.0.0-20170216185247-6f3806018612 h1:13pIdM2tpaDi4OVe24fgoIS7ZTqMt0QI+bwQsX5hq+g=
github.com/prometheus/client_model v0.0.0-20170216185247-6f3806018612/go.mod h1:MbSGuTsp3dbXC40dX6PRTWyKYBIrTGTE9sqQNg2J8bo=
github.com/prometheus/common v0.0.0-20170218233558-3007b6072c17 h1:e4C9EN2+nlA+LbVsE9lokqKhNYlmmCrv4C6Ey96otPY=
github.com/prometheus/common v0.0.0-20170218233558-3007b6072c17/go.mod h1:daVV7qP5qjZbuso7PdcryaAu0sAZbrN9i7WWcTMWvro=
github.com/prometheus/procfs v0.0.0-20170216223256-a1dba9ce8bae h1:4W6eGKy6DVCKy+vFPt2wtCifCjfzvHgOomhDsv/n58Y=
github.com/prometheus/procfs v0.0.0-20170216223256-a1dba9ce8bae/go.mod h1:c3At6R/oaqEKCNdg8wHV1ftS6bRYblBhIjjI8uT2IGk=
github.com/sideshow/apns2 v0.0.0-20180827055107-3c5d4af1700e h1:L+MeVX9/PAI/RJkx5YSlwgYtIMNIF6uLb4SVoZsXgLU=
github.com/sideshow/apns2 v0.0.0-20180827055107-3c5d4af1700e/go.mod h1:f7dArLPLbiZ3qPdzzrZXdCSlMp8FD0p6z7tHssDOLvk=
github.com/sirupsen/logrus v0.0.0-20170620144510-3d4380f53a34 h1:kVLTAexkb0RpvzqHGdmxz80/bPLGuZn4qnUR0a4sW9Y=
github.com/sirupsen/logrus v0.0.0-20170620144510-3d4380f53a34/go.mod h1:pMByvHTf9Beacp5x1UXfOR9xyW/9antXMhjMPG0dEzc=
github.com/spf13/afero v0.0.0-20171021110813-5660eeed305f h1:+Dx5AA/mr18sj78olfUUNWiBBH18xbGhdXiOnLoKnzY=
github.com/spf13/afero v0.0.0-20171021110813-5660eeed305f/go.mod h1:j4pytiNVoe2o6bmDsKpLACNPDBIoEAkihy7loJ1B0CQ=
github.com/spf13/cast v1.1.0 h1:0Rhw4d6C8J9VPu6cjZLIhZ8+aAOHcDvGeKn+cq5Aq3k=
github.com/spf13/cast v1.1.0/go.mod h1:r2rcYCSwa1IExKTDiTfzaxqT2FNHs8hODu4LnUfgKEg=
github.com/spf13/jwalterweatherman v0.0.0-20170901151539-12bd96e66386 h1:zBoLErXXAvWnNsu+pWkRYl6Cx1KXmIfAVsIuYkPN6aY=
github.com/spf13/jwalterweatherman v0.0.0-20170901151539-12bd96e66386/go.mod h1:cQK4TGJAtQXfYWX+Ddv3mKDzgVb68N+wFjFa4jdeBTo=
github.com/spf13/pflag v0.0.0-20171020110617-97afa5e7ca8a h1:NLjz2RTuoGx4ITYI/oN9PGzz1b53vqe7xZ2juTlC/18=
github.com/spf13/pflag v0.0.0-20171020110617-97afa5e7ca8a/go.mod h1:DYY7MBk1bdzusC3SYhjObp+wFpr4gzcvqqNjLnInEg4=
github.com/spf13/viper v0.0.0-20171020104009-8ef37cbca716 h1:riT9pMSDqlXO6nIDTZoGk3C5OIDdLFaCkfkgJ0fF/rQ=
github.com/spf13/viper v0.0.0-20171020104009-8ef37cbca716/go.mod h1:A8kyI5cUJhb8N+3pkfONlcEcZbueH6nhAm0Fq7SrnBM=
github.com/stretchr/testify v0.0.0-20170130113145-4d4bfba8f1d1/go.mod h1:a8OnRcib4nhh0OaRAV+Yts87kKdq0PP7pXfy6kDkUVs=
github.com/syndtr/goleveldb v0.0.0-20161227110519-23851d93a229 h1:arXQNTPyszL9q5nmGtSXyGocRDQRxdtoSS25nZgPvCI=
github.com/syndtr/goleveldb v0.0.0-20161227110519-23851d93a229/go.mod h1:Z4AUp2Km+PwemOoO/VB5AOx9XSsIItzFjoJlOSiYmn0=
github.com/thoas/stats v0.0.0-20160726120248-152b5d051953 h1:PD6HdaGc9tn2a8W/33zxcA6DTq1D1K0O/PKWOGz3Lxo=
github.com/thoas/stats v0.0.0-20160726120248-152b5d051953/go.mod h1:GkZsNBOco11YY68OnXUARbSl26IOXXAeYf6ZKmSZR2M=
github.com/tidwall/btree v0.0.0-20170113224114-9876f1454cf0 h1:QnyrPZZvPmR0AtJCxxfCtI1qN+fYpKTKJ/5opWmZ34k=
github.com/tidwall/btree v0.0.0-20170113224114-9876f1454cf0/go.mod h1:huei1BkDWJ3/sLXmO+bsCNELL+Bp2Kks9OLyQFkzvA8=
github.com/tidwall/buntdb v0.0.0-20161202163738-74dc10171b75 h1:lBUdGHoBnfesVCZAYHc4uvAfp1irCkoZh8TQ6y0GzZ8=
github.com/tidwall/buntdb v0.0.0-20161202163738-74dc10171b75/go.mod h1:Y39xhcDW10WlyYXeLgGftXVbjtM0QP+/kpz8xl9cbzE=
github.com/tidwall/gjson v0.0.0-20170205161042-09d1c5c5bc64 h1:6/SJyMAg0OoV6FuVP97VsiTFxdG4XyisdpvSTC1IiHY=
github.com/tidwall/gjson v0.0.0-20170205161042-09d1c5c5bc64/go.mod h1:c/nTNbUr0E0OrXEhq1pwa8iEgc2DOt4ZZqAt1HtCkPA=
github.com/tidwall/grect v0.0.0-20161006141115-ba9a043346eb h1:5NSYaAdrnblKByzd7XByQEJVT8+9v0W/tIY0Oo4OwrE=
github.com/tidwall/grect v0.0.0-20161006141115-ba9a043346eb/go.mod h1:lKYYLFIr9OIgdgrtgkZ9zgRxRdvPYsExnYBsEAd8W5M=
github.com/tidwall/match v0.0.0-20160830173930-173748da739a h1:jkSy//MOkpJzPmsdrxnM+wiF/wdmVCFGegxccsSkm2Q=
github.com/tidwall/match v0.0.0-20160830173930-173748da739a/go.mod h1:LujAq0jyVjBy028G1WhWfIzbpQfMO8bBZ6Tyb0+pL9E=
github.com/tidwall/rtree v0.0.0-20160903213729-d4a8a3d30d57 h1:k1tEEozQvcJFX6AFAfaF6cCeDvIhocoTrM47VswRfCg=
github.com/tidwall/rtree v0.0.0-20160903213729-d4a8a3d30d57/go.mod h1:/h+UnNGt0IhNNJLkGikcdcJqm66zGD/uJGMRxK/9+Ao=
github.com/ugorji/go v0.0.0-20170312112114-708a42d24682 h1:9FsLhpi/pQ3YZgrcf1xMOTaVqiUEaLCzGNFVfKswcww=
github.com/ugorji/go v0.0.0-20170312112114-708a42d24682/go.mod h1:hnLbHMwcvSihnDhEfx2/BzKp2xb0Y+ErdfYcrs9tkJQ=
golang.org/x/crypto v0.0.0-20170404161947-c78caca803c9 h1:rPnURWKICR4bkjK+GABNWICXj6KLDa1jbj0IoVaQODw=
golang.org/x/crypto v0.0.0-20170404161947-c78caca803c9/go.mod h1:6SG95UA2DQfeDnfUPMdvaQW0Q7yPrPDi9nlGo2tz2b4=
golang.org/x/net v0.0.0-20171107184841-a337091b0525 h1:KtEW9ll78DlakrUaoIv2p6oozE+wN/abax8yB4Y8+Fs=
golang.org/x/net v0.0.0-20171107184841-a337091b0525/go.mod h1:mL1N/T3taQHkDXs73rZJwtUhF3w3ftmwwsq0BUmARs4=
golang.org/x/sync v0.0.0-20170517211232-f52d1811a629 h1:wqoYUzeICxRnvJCvfHTh0OY0VQ6xern7nYq+ccc19e4=
golang.org/x/sync v0.0.0-20170517211232-f52d1811a629/go.mod h1:RxMgew5VJxzue5/jJTE5uejpjVlOe/izrB70Jof72aM=
golang.org/x/sys v0.0.0-20170217003442-075e574b89e4 h1:qDJE6+PXeuSus3ObnNHn/wLLkXfbuP0XhYcXZWTFDcs=
golang.org/x/sys v0.0.0-20170217003442-075e574b89e4/go.mod h1:STP8DvDyc/dI5b8T5hshtkjS+E42TnysNCUPdjciGhY=
golang.org/x/text v0.0.0-20171013141220-c01e4764d870 h1:xdgOfOjH4d435yr21ATHejC9Un1tBMu4Scm2B7DUbmI=
golang.org/x/text v0.0.0-20171013141220-c01e4764d870/go.mod h1:NqM8EUOU14njkJ3fqMW+pc6Ldnwhi/IjpwHt7yyuwOQ=
google.golang.org/genproto v0.0.0-20170711235230-b0a3dcfcd1a9 h1:wxGvmadi0ZZjsFJf3uyqRb1Eg4Jawj4ofWGwW09gfds=
google.golang.org/genproto v0.0.0-20170711235230-b0a3dcfcd1a9/go.mod h1:JiN7NxoALGmiZfu7CAH4rXhgtRTLTxftemlI0sWmxmc=
google.golang.org/grpc v0.0.0-20171109215322-de2209a968d4 h1:6MdQUci2qlorHzHryzbzwf6SpQbkyyjRoUedE1A/Hls=
google.golang.org/grpc v0.0.0-20171109215322-de2209a968d4/go.mod h1:yo6s7OP7yaDglbqo1J04qKzAhqBH6lvTonzMVmEdcZw=
gopkg.in/appleboy/gin-status-api.v1 v1.0.1 h1:c80nPT2SftCfE/2I9g/BbH5bQjG3kbnMMQ1083ugapU=
gopkg.in/appleboy/gin-status-api.v1 v1.0.1/go.mod h1:X8bhgN2h4PXwJthf69L7rIAqDdnRZptEroSSpFiSnUg=
gopkg.in/appleboy/gofight.v2 v2.0.0/go.mod h1:/oCUdVhE1UdRqheD5PmH/2GBvcaxShR7/cDBUoSk2wQ=
gopkg.in/fukata/golang-stats-api-handler.v1 v1.0.0 h1:UR6t2xlnAa3nDYeT+akxO31opz8bUDkswQ8tWd4E754=
gopkg.in/fukata/golang-stats-api-handler.v1 v1.0.0/go.mod h1:GUgEemw8P+egdtLtzGsN/STzYt5kI76HPw4JWg7gDvw=
gopkg.in/gin-contrib/sse.v0 v0.0.0-20170109093832-22d885f9ecc7/go.mod h1:DEvCrJoQbnluYrBi/oha9+DYe6/uKyr9zMxO/1B0NAg=
gopkg.in/go-playground/validator.v8 v8.18.1 h1:F8SLY5Vqesjs1nI1EL4qmF1PQZ1sitsmq0rPYXLyfGU=
gopkg.in/go-playground/validator.v8 v8.18.1/go.mod h1:RX2a/7Ha8BgOhfk7j780h4/u/RRjR0eouCJSH80/M2Y=
gopkg.in/redis.v5 v5.2.4 h1:XpIcn07AdbjbLZOqa6ipEm9aUhLwpgsm3yi0liZMycc=
gopkg.in/redis.v5 v5.2.4/go.mod h1:6gtv0/+A4iM08kdRfocWYB3bLX2tebpNtfKlFT6H4mY=
gopkg.in/yaml.v2 v2.0.0-20170208141851-a3f3340b5840 h1:BftvRMCaj0KX6UeD7gnNJv0W8b4HAYTEWes978CoWlY=
gopkg.in/yaml.v2 v2.0.0-20170208141851-a3f3340b5840/go.mod h1:JAlM8MvJe8wmxCU4Bli9HhUf9+ttbYbLASfIpnQbh74=
