{
  "name": "gorush-examples",
  "version": "0.1.0",
  "lockfileVersion": 1,
  "requires": true,
  "dependencies": {
    "@mapbox/node-pre-gyp": {
      "version": "1.0.5",
      "resolved": "https://registry.npmjs.org/@mapbox/node-pre-gyp/-/node-pre-gyp-1.0.5.tgz",
      "integrity": "sha512-4srsKPXWlIxp5Vbqz5uLfBN+du2fJChBoYn/f2h991WLdk7jUvcSk/McVLSv/X+xQIPI8eGD5GjrnygdyHnhPA==",
      "requires": {
        "detect-libc": "^1.0.3",
        "https-proxy-agent": "^5.0.0",
        "make-dir": "^3.1.0",
        "node-fetch": "^2.6.1",
        "nopt": "^5.0.0",
        "npmlog": "^4.1.2",
        "rimraf": "^3.0.2",
        "semver": "^7.3.4",
        "tar": "^6.1.0"
      }
    },
    "@types/bytebuffer": {
      "version": "5.0.42",
      "resolved": "https://registry.npmjs.org/@types/bytebuffer/-/bytebuffer-5.0.42.tgz",
      "integrity": "sha512-lEgKojWUAc/MG2t649oZS5AfYFP2xRNPoDuwDBlBMjHXd8MaGPgFgtCXUK7inZdBOygmVf10qxc1Us8GXC96aw==",
      "requires": {
        "@types/long": "*",
        "@types/node": "*"
      }
    },
    "@types/long": {
      "version": "4.0.1",
      "resolved": "https://registry.npmjs.org/@types/long/-/long-4.0.1.tgz",
      "integrity": "sha512-5tXH6Bx/kNGd3MgffdmP4dy2Z+G4eaXw0SE81Tq3BNadtnMR5/ySMzX4SLEzHJzSmPNn4HIdpQsBvXMUykr58w=="
    },
    "@types/node": {
      "version": "15.3.0",
      "resolved": "https://registry.npmjs.org/@types/node/-/node-15.3.0.tgz",
      "integrity": "sha512-8/bnjSZD86ZfpBsDlCIkNXIvm+h6wi9g7IqL+kmFkQ+Wvu3JrasgLElfiPgoo8V8vVfnEi0QVS12gbl94h9YsQ=="
    },
    "abbrev": {
      "version": "1.1.1",
      "resolved": "https://registry.npmjs.org/abbrev/-/abbrev-1.1.1.tgz",
      "integrity": "sha512-nne9/IiQ/hzIhY6pdDnbBtz7DjPTKrY00P/zvPSm5pOFkl6xuGrGnXn/VtTNNfNtAfZ9/1RtehkszU9qcTii0Q=="
    },
    "agent-base": {
      "version": "6.0.2",
      "resolved": "https://registry.npmjs.org/agent-base/-/agent-base-6.0.2.tgz",
      "integrity": "sha512-RZNwNclF7+MS/8bDg70amg32dyeZGZxiDuQmZxKLAlQjr3jGyLx+4Kkk58UO7D2QdgFIQCovuSuZESne6RG6XQ==",
      "requires": {
        "debug": "4"
      }
    },
    "ansi-regex": {
      "version": "2.1.1",
      "resolved": "https://registry.npmjs.org/ansi-regex/-/ansi-regex-2.1.1.tgz",
      "integrity": "sha1-w7M6te42DYbg5ijwRorn7yfWVN8="
    },
    "aproba": {
      "version": "1.2.0",
      "resolved": "https://registry.npmjs.org/aproba/-/aproba-1.2.0.tgz",
      "integrity": "sha512-Y9J6ZjXtoYh8RnXVCMOU/ttDmk1aBjunq9vO0ta5x85WDQiQfUF9sIPBITdbiiIVcBo03Hi3jMxigBtsddlXRw=="
    },
    "are-we-there-yet": {
      "version": "1.1.5",
      "resolved": "https://registry.npmjs.org/are-we-there-yet/-/are-we-there-yet-1.1.5.tgz",
      "integrity": "sha512-5hYdAkZlcG8tOLujVDTgCT+uPX0VnpAH28gWsLfzpXYm7wP6mp5Q/gYyR7YQ0cKVJcXJnl3j2kpBan13PtQf6w==",
      "requires": {
        "delegates": "^1.0.0",
        "readable-stream": "^2.0.6"
      }
    },
    "ascli": {
      "version": "1.0.1",
      "resolved": "https://registry.npmjs.org/ascli/-/ascli-1.0.1.tgz",
      "integrity": "sha1-vPpZdKYvGOgcq660lzKrSoj5Brw=",
      "requires": {
        "colour": "~0.7.1",
        "optjs": "~3.2.2"
      }
    },
    "async": {
      "version": "3.1.0",
      "resolved": "https://registry.npmjs.org/async/-/async-3.1.0.tgz",
      "integrity": "sha512-4vx/aaY6j/j3Lw3fbCHNWP0pPaTCew3F6F3hYyl/tHs/ndmV1q7NW9T5yuJ2XAGwdQrP+6Wu20x06U4APo/iQQ=="
    },
    "balanced-match": {
      "version": "1.0.2",
      "resolved": "https://registry.npmjs.org/balanced-match/-/balanced-match-1.0.2.tgz",
      "integrity": "sha512-3oSeUO0TMV67hN1AmbXsK4yaqU7tjiHlbxRDZOpH0KW9+CeX4bRAaX0Anxt0tx2MrpRpWwQaPwIlISEJhYU5Pw=="
    },
    "brace-expansion": {
      "version": "1.1.11",
      "resolved": "https://registry.npmjs.org/brace-expansion/-/brace-expansion-1.1.11.tgz",
      "integrity": "sha512-iCuPHDFgrHX7H2vEI/5xpz07zSHB00TpugqhmYtVmMO6518mCuRMoOYFldEBl0g187ufozdaHgWKcYFb61qGiA==",
      "requires": {
        "balanced-match": "^1.0.0",
        "concat-map": "0.0.1"
      }
    },
    "bytebuffer": {
      "version": "5.0.1",
      "resolved": "https://registry.npmjs.org/bytebuffer/-/bytebuffer-5.0.1.tgz",
      "integrity": "sha1-WC7qSxqHO20CCkjVjfhfC7ps/d0=",
      "requires": {
        "long": "~3"
      }
    },
    "camelcase": {
      "version": "2.1.1",
      "resolved": "https://registry.npmjs.org/camelcase/-/camelcase-2.1.1.tgz",
      "integrity": "sha1-fB0W1nmhu+WcoCys7PsBHiAfWh8="
    },
    "chownr": {
      "version": "2.0.0",
      "resolved": "https://registry.npmjs.org/chownr/-/chownr-2.0.0.tgz",
      "integrity": "sha512-bIomtDF5KGpdogkLd9VspvFzk9KfpyyGlS8YFVZl7TGPBHL5snIOnxeshwVgPteQ9b4Eydl+pVbIyE1DcvCWgQ=="
    },
    "cliui": {
      "version": "3.2.0",
      "resolved": "https://registry.npmjs.org/cliui/-/cliui-3.2.0.tgz",
      "integrity": "sha1-EgYBU3qRbSmUD5NNo7SNWFo5IT0=",
      "requires": {
        "string-width": "^1.0.1",
        "strip-ansi": "^3.0.1",
        "wrap-ansi": "^2.0.0"
      }
    },
    "code-point-at": {
      "version": "1.1.0",
      "resolved": "https://registry.npmjs.org/code-point-at/-/code-point-at-1.1.0.tgz",
      "integrity": "sha1-DQcLTQQ6W+ozovGkDi7bPZpMz3c="
    },
    "colour": {
      "version": "0.7.1",
      "resolved": "https://registry.npmjs.org/colour/-/colour-0.7.1.tgz",
      "integrity": "sha1-nLFpkX7F0SwHNtPoaFdG3xyt93g="
    },
    "concat-map": {
      "version": "0.0.1",
      "resolved": "https://registry.npmjs.org/concat-map/-/concat-map-0.0.1.tgz",
      "integrity": "sha1-2Klr13/Wjfd5OnMDajug1UBdR3s="
    },
    "console-control-strings": {
      "version": "1.1.0",
      "resolved": "https://registry.npmjs.org/console-control-strings/-/console-control-strings-1.1.0.tgz",
      "integrity": "sha1-PXz0Rk22RG6mRL9LOVB/mFEAjo4="
    },
    "core-util-is": {
      "version": "1.0.2",
      "resolved": "https://registry.npmjs.org/core-util-is/-/core-util-is-1.0.2.tgz",
      "integrity": "sha1-tf1UIgqivFq1eqtxQMlAdUUDwac="
    },
    "debug": {
      "version": "4.3.1",
      "resolved": "https://registry.npmjs.org/debug/-/debug-4.3.1.tgz",
      "integrity": "sha512-doEwdvm4PCeK4K3RQN2ZC2BYUBaxwLARCqZmMjtF8a51J2Rb0xpVloFRnCODwqjpwnAoao4pelN8l3RJdv3gRQ==",
      "requires": {
        "ms": "2.1.2"
      }
    },
    "decamelize": {
      "version": "1.2.0",
      "resolved": "https://registry.npmjs.org/decamelize/-/decamelize-1.2.0.tgz",
      "integrity": "sha1-9lNNFRSCabIDUue+4m9QH5oZEpA="
    },
    "delegates": {
      "version": "1.0.0",
      "resolved": "https://registry.npmjs.org/delegates/-/delegates-1.0.0.tgz",
      "integrity": "sha1-hMbhWbgZBP3KWaDvRM2HDTElD5o="
    },
    "detect-libc": {
      "version": "1.0.3",
      "resolved": "https://registry.npmjs.org/detect-libc/-/detect-libc-1.0.3.tgz",
      "integrity": "sha1-+hN8S9aY7fVc1c0CrFWfkaTEups="
    },
    "dom-walk": {
      "version": "0.1.1",
      "resolved": "https://registry.npmjs.org/dom-walk/-/dom-walk-0.1.1.tgz",
      "integrity": "sha1-ZyIm3HTI95mtNTB9+TaroRrNYBg="
    },
    "fs-minipass": {
      "version": "2.1.0",
      "resolved": "https://registry.npmjs.org/fs-minipass/-/fs-minipass-2.1.0.tgz",
      "integrity": "sha512-V/JgOLFCS+R6Vcq0slCuaeWEdNC3ouDlJMNIsacH2VtALiu9mV4LPrHc5cDl8k5aw6J8jwgWWpiTo5RYhmIzvg==",
      "requires": {
        "minipass": "^3.0.0"
      }
    },
    "fs.realpath": {
      "version": "1.0.0",
      "resolved": "https://registry.npmjs.org/fs.realpath/-/fs.realpath-1.0.0.tgz",
      "integrity": "sha1-FQStJSMVjKpA20onh8sBQRmU6k8="
    },
    "gauge": {
      "version": "2.7.4",
      "resolved": "https://registry.npmjs.org/gauge/-/gauge-2.7.4.tgz",
      "integrity": "sha1-LANAXHU4w51+s3sxcCLjJfsBi/c=",
      "requires": {
        "aproba": "^1.0.3",
        "console-control-strings": "^1.0.0",
        "has-unicode": "^2.0.0",
        "object-assign": "^4.1.0",
        "signal-exit": "^3.0.0",
        "string-width": "^1.0.1",
        "strip-ansi": "^3.0.1",
        "wide-align": "^1.1.0"
      }
    },
    "glob": {
      "version": "7.1.7",
      "resolved": "https://registry.npmjs.org/glob/-/glob-7.1.7.tgz",
      "integrity": "sha512-OvD9ENzPLbegENnYP5UUfJIirTg4+XwMWGaQfQTY0JenxNvvIKP3U3/tAQSPIu/lHxXYSZmpXlUHeqAIdKzBLQ==",
      "requires": {
        "fs.realpath": "^1.0.0",
        "inflight": "^1.0.4",
        "inherits": "2",
        "minimatch": "^3.0.4",
        "once": "^1.3.0",
        "path-is-absolute": "^1.0.0"
      }
    },
    "global": {
      "version": "4.4.0",
      "resolved": "https://registry.npmjs.org/global/-/global-4.4.0.tgz",
      "integrity": "sha512-wv/LAoHdRE3BeTGz53FAamhGlPLhlssK45usmGFThIi4XqnBmjKQ16u+RNbP7WvigRZDxUsM0J3gcQ5yicaL0w==",
      "requires": {
        "min-document": "2.19.0",
        "process": "0.11.10"
      }
    },
    "google-protobuf": {
      "version": "3.10.0",
      "resolved": "https://registry.npmjs.org/google-protobuf/-/google-protobuf-3.10.0.tgz",
      "integrity": "sha512-d0cMO8TJ6xtB/WrVHCv5U81L2ulX+aCD58IljyAN6mHwdHHJ2jbcauX5glvivi3s3hx7EYEo7eUA9WftzamMnw=="
    },
    "grpc": {
      "version": "1.24.9",
      "resolved": "https://registry.npmjs.org/grpc/-/grpc-1.24.9.tgz",
      "integrity": "sha512-BOq1AJocZJcG/6qyX3LX2KvKy91RIix10GFLhqWg+1L6b73uWIN2w0cq+lSi0q9mXfkjeFaBz83+oau7oJqG3Q==",
      "requires": {
        "@mapbox/node-pre-gyp": "^1.0.4",
        "@types/bytebuffer": "^5.0.40",
        "lodash.camelcase": "^4.3.0",
        "lodash.clone": "^4.5.0",
        "nan": "^2.13.2",
        "protobufjs": "^5.0.3"
      }
    },
    "has-unicode": {
      "version": "2.0.1",
      "resolved": "https://registry.npmjs.org/has-unicode/-/has-unicode-2.0.1.tgz",
      "integrity": "sha1-4Ob+aijPUROIVeCG0Wkedx3iqLk="
    },
    "https-proxy-agent": {
      "version": "5.0.0",
      "resolved": "https://registry.npmjs.org/https-proxy-agent/-/https-proxy-agent-5.0.0.tgz",
      "integrity": "sha512-EkYm5BcKUGiduxzSt3Eppko+PiNWNEpa4ySk9vTC6wDsQJW9rHSa+UhGNJoRYp7bz6Ht1eaRIa6QaJqO5rCFbA==",
      "requires": {
        "agent-base": "6",
        "debug": "4"
      }
    },
    "inflight": {
      "version": "1.0.6",
      "resolved": "https://registry.npmjs.org/inflight/-/inflight-1.0.6.tgz",
      "integrity": "sha1-Sb1jMdfQLQwJvJEKEHW6gWW1bfk=",
      "requires": {
        "once": "^1.3.0",
        "wrappy": "1"
      }
    },
    "inherits": {
      "version": "2.0.4",
      "resolved": "https://registry.npmjs.org/inherits/-/inherits-2.0.4.tgz",
      "integrity": "sha512-k/vGaX4/Yla3WzyMCvTQOXYeIHvqOKtnqBduzTHpzpQZzAskKMhZ2K+EnBiSM9zGSoIFeMpXKxa4dYeZIQqewQ=="
    },
    "invert-kv": {
      "version": "1.0.0",
      "resolved": "https://registry.npmjs.org/invert-kv/-/invert-kv-1.0.0.tgz",
      "integrity": "sha1-EEqOSqym09jNFXqO+L+rLXo//bY="
    },
    "is-fullwidth-code-point": {
      "version": "1.0.0",
      "resolved": "https://registry.npmjs.org/is-fullwidth-code-point/-/is-fullwidth-code-point-1.0.0.tgz",
      "integrity": "sha1-754xOG8DGn8NZDr4L95QxFfvAMs=",
      "requires": {
        "number-is-nan": "^1.0.0"
      }
    },
    "isarray": {
      "version": "1.0.0",
      "resolved": "https://registry.npmjs.org/isarray/-/isarray-1.0.0.tgz",
      "integrity": "sha1-u5NdSFgsuhaMBoNJV6VKPgcSTxE="
    },
    "lcid": {
      "version": "1.0.0",
      "resolved": "https://registry.npmjs.org/lcid/-/lcid-1.0.0.tgz",
      "integrity": "sha1-MIrMr6C8SDo4Z7S28rlQYlHRuDU=",
      "requires": {
        "invert-kv": "^1.0.0"
      }
    },
    "lodash": {
      "version": "4.17.21",
      "resolved": "https://registry.npmjs.org/lodash/-/lodash-4.17.21.tgz",
      "integrity": "sha512-v2kDEe57lecTulaDIuNTPy3Ry4gLGJ6Z1O3vE1krgXZNrsQ+LFTGHVxVjcXPs17LhbZVGedAJv8XZ1tvj5FvSg=="
    },
    "lodash.camelcase": {
      "version": "4.3.0",
      "resolved": "https://registry.npmjs.org/lodash.camelcase/-/lodash.camelcase-4.3.0.tgz",
      "integrity": "sha1-soqmKIorn8ZRA1x3EfZathkDMaY="
    },
    "lodash.clone": {
      "version": "4.5.0",
      "resolved": "https://registry.npmjs.org/lodash.clone/-/lodash.clone-4.5.0.tgz",
      "integrity": "sha1-GVhwRQ9aExkkeN9Lw9I9LeoZB7Y="
    },
    "long": {
      "version": "3.2.0",
      "resolved": "https://registry.npmjs.org/long/-/long-3.2.0.tgz",
      "integrity": "sha1-2CG3E4yhy1gcFymQ7xTbIAtcR0s="
    },
    "lru-cache": {
      "version": "6.0.0",
      "resolved": "https://registry.npmjs.org/lru-cache/-/lru-cache-6.0.0.tgz",
      "integrity": "sha512-Jo6dJ04CmSjuznwJSS3pUeWmd/H0ffTlkXXgwZi+eq1UCmqQwCh+eLsYOYCwY991i2Fah4h1BEMCx4qThGbsiA==",
      "requires": {
        "yallist": "^4.0.0"
      }
    },
    "make-dir": {
      "version": "3.1.0",
      "resolved": "https://registry.npmjs.org/make-dir/-/make-dir-3.1.0.tgz",
      "integrity": "sha512-g3FeP20LNwhALb/6Cz6Dd4F2ngze0jz7tbzrD2wAV+o9FeNHe4rL+yK2md0J/fiSf1sa1ADhXqi5+oVwOM/eGw==",
      "requires": {
        "semver": "^6.0.0"
      },
      "dependencies": {
        "semver": {
          "version": "6.3.0",
          "resolved": "https://registry.npmjs.org/semver/-/semver-6.3.0.tgz",
          "integrity": "sha512-b39TBaTSfV6yBrapU89p5fKekE2m/NwnDocOVruQFS1/veMgdzuPcnOM34M6CwxW8jH/lxEa5rBoDeUwu5HHTw=="
        }
      }
    },
    "min-document": {
      "version": "2.19.0",
      "resolved": "https://registry.npmjs.org/min-document/-/min-document-2.19.0.tgz",
      "integrity": "sha1-e9KC4/WELtKVu3SM3Z8f+iyCRoU=",
      "requires": {
        "dom-walk": "0.1.1"
      }
    },
    "minimatch": {
      "version": "3.0.4",
      "resolved": "https://registry.npmjs.org/minimatch/-/minimatch-3.0.4.tgz",
      "integrity": "sha512-yJHVQEhyqPLUTgt9B83PXu6W3rx4MvvHvSUvToogpwoGDOUQ+yDrR0HRot+yOCdCO7u4hX3pWft6kWBBcqh0UA==",
      "requires": {
        "brace-expansion": "^1.1.7"
      }
    },
    "minimist": {
      "version": "1.2.5",
      "resolved": "https://registry.npmjs.org/minimist/-/minimist-1.2.5.tgz",
      "integrity": "sha512-FM9nNUYrRBAELZQT3xeZQ7fmMOBg6nWNmJKTcgsJeaLstP/UODVpGsr5OhXhhXg6f+qtJ8uiZ+PUxkDWcgIXLw=="
    },
    "minipass": {
      "version": "3.1.3",
      "resolved": "https://registry.npmjs.org/minipass/-/minipass-3.1.3.tgz",
      "integrity": "sha512-Mgd2GdMVzY+x3IJ+oHnVM+KG3lA5c8tnabyJKmHSaG2kAGpudxuOf8ToDkhumF7UzME7DecbQE9uOZhNm7PuJg==",
      "requires": {
        "yallist": "^4.0.0"
      }
    },
    "minizlib": {
      "version": "2.1.2",
      "resolved": "https://registry.npmjs.org/minizlib/-/minizlib-2.1.2.tgz",
      "integrity": "sha512-bAxsR8BVfj60DWXHE3u30oHzfl4G7khkSuPW+qvpd7jFRHm7dLxOjUk1EHACJ/hxLY8phGJ0YhYHZo7jil7Qdg==",
      "requires": {
        "minipass": "^3.0.0",
        "yallist": "^4.0.0"
      }
    },
    "mkdirp": {
      "version": "1.0.4",
      "resolved": "https://registry.npmjs.org/mkdirp/-/mkdirp-1.0.4.tgz",
      "integrity": "sha512-vVqVZQyf3WLx2Shd0qJ9xuvqgAyKPLAiqITEtqW0oIUjzo3PePDd6fW9iFz30ef7Ysp/oiWqbhszeGWW2T6Gzw=="
    },
    "ms": {
      "version": "2.1.2",
      "resolved": "https://registry.npmjs.org/ms/-/ms-2.1.2.tgz",
      "integrity": "sha512-sGkPx+VjMtmA6MX27oA4FBFELFCZZ4S4XqeGOXCv68tT+jb3vk/RyaKWP0PTKyWtmLSM0b+adUTEvbs1PEaH2w=="
    },
    "nan": {
      "version": "2.14.2",
      "resolved": "https://registry.npmjs.org/nan/-/nan-2.14.2.tgz",
      "integrity": "sha512-M2ufzIiINKCuDfBSAUr1vWQ+vuVcA9kqx8JJUsbQi6yf1uGRyb7HfpdfUr5qLXf3B/t8dPvcjhKMmlfnP47EzQ=="
    },
    "node-fetch": {
      "version": "2.6.7",
      "resolved": "https://registry.npmjs.org/node-fetch/-/node-fetch-2.6.7.tgz",
      "integrity": "sha512-ZjMPFEfVx5j+y2yF35Kzx5sF7kDzxuDj6ziH4FFbOp87zKDZNx8yExJIb05OGF4Nlt9IHFIMBkRl41VdvcNdbQ==",
      "requires": {
        "whatwg-url": "^5.0.0"
      }
    },
    "nopt": {
      "version": "5.0.0",
      "resolved": "https://registry.npmjs.org/nopt/-/nopt-5.0.0.tgz",
      "integrity": "sha512-Tbj67rffqceeLpcRXrT7vKAN8CwfPeIBgM7E6iBkmKLV7bEMwpGgYLGv0jACUsECaa/vuxP0IjEont6umdMgtQ==",
      "requires": {
        "abbrev": "1"
      }
    },
    "npmlog": {
      "version": "4.1.2",
      "resolved": "https://registry.npmjs.org/npmlog/-/npmlog-4.1.2.tgz",
      "integrity": "sha512-2uUqazuKlTaSI/dC8AzicUck7+IrEaOnN/e0jd3Xtt1KcGpwx30v50mL7oPyr/h9bL3E4aZccVwpwP+5W9Vjkg==",
      "requires": {
        "are-we-there-yet": "~1.1.2",
        "console-control-strings": "~1.1.0",
        "gauge": "~2.7.3",
        "set-blocking": "~2.0.0"
      }
    },
    "number-is-nan": {
      "version": "1.0.1",
      "resolved": "https://registry.npmjs.org/number-is-nan/-/number-is-nan-1.0.1.tgz",
      "integrity": "sha1-CXtgK1NCKlIsGvuHkDGDNpQaAR0="
    },
    "object-assign": {
      "version": "4.1.1",
      "resolved": "https://registry.npmjs.org/object-assign/-/object-assign-4.1.1.tgz",
      "integrity": "sha1-IQmtx5ZYh8/AXLvUQsrIv7s2CGM="
    },
    "once": {
      "version": "1.4.0",
      "resolved": "https://registry.npmjs.org/once/-/once-1.4.0.tgz",
      "integrity": "sha1-WDsap3WWHUsROsF9nFC6753Xa9E=",
      "requires": {
        "wrappy": "1"
      }
    },
    "optjs": {
      "version": "3.2.2",
      "resolved": "https://registry.npmjs.org/optjs/-/optjs-3.2.2.tgz",
      "integrity": "sha1-aabOicRCpEQDFBrS+bNwvVu29O4="
    },
    "os-locale": {
      "version": "1.4.0",
      "resolved": "https://registry.npmjs.org/os-locale/-/os-locale-1.4.0.tgz",
      "integrity": "sha1-IPnxeuKe00XoveWDsT0gCYA8FNk=",
      "requires": {
        "lcid": "^1.0.0"
      }
    },
    "path-is-absolute": {
      "version": "1.0.1",
      "resolved": "https://registry.npmjs.org/path-is-absolute/-/path-is-absolute-1.0.1.tgz",
      "integrity": "sha1-F0uSaHNVNP+8es5r9TpanhtcX18="
    },
    "process": {
      "version": "0.11.10",
      "resolved": "https://registry.npmjs.org/process/-/process-0.11.10.tgz",
      "integrity": "sha1-czIwDoQBYb2j5podHZGn1LwW8YI="
    },
    "process-nextick-args": {
      "version": "2.0.1",
      "resolved": "https://registry.npmjs.org/process-nextick-args/-/process-nextick-args-2.0.1.tgz",
      "integrity": "sha512-3ouUOpQhtgrbOa17J7+uxOTpITYWaGP7/AhoR3+A+/1e9skrzelGi/dXzEYyvbxubEF6Wn2ypscTKiKJFFn1ag=="
    },
    "protobufjs": {
      "version": "5.0.3",
      "resolved": "https://registry.npmjs.org/protobufjs/-/protobufjs-5.0.3.tgz",
      "integrity": "sha512-55Kcx1MhPZX0zTbVosMQEO5R6/rikNXd9b6RQK4KSPcrSIIwoXTtebIczUrXlwaSrbz4x8XUVThGPob1n8I4QA==",
      "requires": {
        "ascli": "~1",
        "bytebuffer": "~5",
        "glob": "^7.0.5",
        "yargs": "^3.10.0"
      }
    },
    "readable-stream": {
      "version": "2.3.7",
      "resolved": "https://registry.npmjs.org/readable-stream/-/readable-stream-2.3.7.tgz",
      "integrity": "sha512-Ebho8K4jIbHAxnuxi7o42OrZgF/ZTNcsZj6nRKyUmkhLFq8CHItp/fy6hQZuZmP/n3yZ9VBUbp4zz/mX8hmYPw==",
      "requires": {
        "core-util-is": "~1.0.0",
        "inherits": "~2.0.3",
        "isarray": "~1.0.0",
        "process-nextick-args": "~2.0.0",
        "safe-buffer": "~5.1.1",
        "string_decoder": "~1.1.1",
        "util-deprecate": "~1.0.1"
      }
    },
    "rimraf": {
      "version": "3.0.2",
      "resolved": "https://registry.npmjs.org/rimraf/-/rimraf-3.0.2.tgz",
      "integrity": "sha512-JZkJMZkAGFFPP2YqXZXPbMlMBgsxzE8ILs4lMIX/2o0L9UBw9O/Y3o6wFw/i9YLapcUJWwqbi3kdxIPdC62TIA==",
      "requires": {
        "glob": "^7.1.3"
      }
    },
    "safe-buffer": {
      "version": "5.1.2",
      "resolved": "https://registry.npmjs.org/safe-buffer/-/safe-buffer-5.1.2.tgz",
      "integrity": "sha512-Gd2UZBJDkXlY7GbJxfsE8/nvKkUEU1G38c1siN6QP6a9PT9MmHB8GnpscSmMJSoF8LOIrt8ud/wPtojys4G6+g=="
    },
    "semver": {
      "version": "7.3.5",
      "resolved": "https://registry.npmjs.org/semver/-/semver-7.3.5.tgz",
      "integrity": "sha512-PoeGJYh8HK4BTO/a9Tf6ZG3veo/A7ZVsYrSA6J8ny9nb3B1VrpkuN+z9OE5wfE5p6H4LchYZsegiQgbJD94ZFQ==",
      "requires": {
        "lru-cache": "^6.0.0"
      }
    },
    "set-blocking": {
      "version": "2.0.0",
      "resolved": "https://registry.npmjs.org/set-blocking/-/set-blocking-2.0.0.tgz",
      "integrity": "sha1-BF+XgtARrppoA93TgrJDkrPYkPc="
    },
    "signal-exit": {
      "version": "3.0.3",
      "resolved": "https://registry.npmjs.org/signal-exit/-/signal-exit-3.0.3.tgz",
      "integrity": "sha512-VUJ49FC8U1OxwZLxIbTTrDvLnf/6TDgxZcK8wxR8zs13xpx7xbG60ndBlhNrFi2EMuFRoeDoJO7wthSLq42EjA=="
    },
    "string-width": {
      "version": "1.0.2",
      "resolved": "https://registry.npmjs.org/string-width/-/string-width-1.0.2.tgz",
      "integrity": "sha1-EYvfW4zcUaKn5w0hHgfisLmxB9M=",
      "requires": {
        "code-point-at": "^1.0.0",
        "is-fullwidth-code-point": "^1.0.0",
        "strip-ansi": "^3.0.0"
      }
    },
    "string_decoder": {
      "version": "1.1.1",
      "resolved": "https://registry.npmjs.org/string_decoder/-/string_decoder-1.1.1.tgz",
      "integrity": "sha512-n/ShnvDi6FHbbVfviro+WojiFzv+s8MPMHBczVePfUpDJLwoLT0ht1l4YwBCbi8pJAveEEdnkHyPyTP/mzRfwg==",
      "requires": {
        "safe-buffer": "~5.1.0"
      }
    },
    "strip-ansi": {
      "version": "3.0.1",
      "resolved": "https://registry.npmjs.org/strip-ansi/-/strip-ansi-3.0.1.tgz",
      "integrity": "sha1-ajhfuIU9lS1f8F0Oiq+UJ43GPc8=",
      "requires": {
        "ansi-regex": "^2.0.0"
      }
    },
    "tar": {
      "version": "6.1.11",
      "resolved": "https://registry.npmjs.org/tar/-/tar-6.1.11.tgz",
      "integrity": "sha512-an/KZQzQUkZCkuoAA64hM92X0Urb6VpRhAFllDzz44U2mcD5scmT3zBc4VgVpkugF580+DQn8eAFSyoQt0tznA==",
      "requires": {
        "chownr": "^2.0.0",
        "fs-minipass": "^2.0.0",
        "minipass": "^3.0.0",
        "minizlib": "^2.1.1",
        "mkdirp": "^1.0.3",
        "yallist": "^4.0.0"
      }
    },
    "tr46": {
      "version": "0.0.3",
      "resolved": "https://registry.npmjs.org/tr46/-/tr46-0.0.3.tgz",
      "integrity": "sha1-gYT9NH2snNwYWZLzpmIuFLnZq2o="
    },
    "util-deprecate": {
      "version": "1.0.2",
      "resolved": "https://registry.npmjs.org/util-deprecate/-/util-deprecate-1.0.2.tgz",
      "integrity": "sha1-RQ1Nyfpw3nMnYvvS1KKJgUGaDM8="
    },
    "webidl-conversions": {
      "version": "3.0.1",
      "resolved": "https://registry.npmjs.org/webidl-conversions/-/webidl-conversions-3.0.1.tgz",
      "integrity": "sha1-JFNCdeKnvGvnvIZhHMFq4KVlSHE="
    },
    "whatwg-url": {
      "version": "5.0.0",
      "resolved": "https://registry.npmjs.org/whatwg-url/-/whatwg-url-5.0.0.tgz",
      "integrity": "sha1-lmRU6HZUYuN2RNNib2dCzotwll0=",
      "requires": {
        "tr46": "~0.0.3",
        "webidl-conversions": "^3.0.0"
      }
    },
    "wide-align": {
      "version": "1.1.3",
      "resolved": "https://registry.npmjs.org/wide-align/-/wide-align-1.1.3.tgz",
      "integrity": "sha512-QGkOQc8XL6Bt5PwnsExKBPuMKBxnGxWWW3fU55Xt4feHozMUhdUMaBCk290qpm/wG5u/RSKzwdAC4i51YigihA==",
      "requires": {
        "string-width": "^1.0.2 || 2"
      }
    },
    "window-size": {
      "version": "0.1.4",
      "resolved": "https://registry.npmjs.org/window-size/-/window-size-0.1.4.tgz",
      "integrity": "sha1-+OGqHuWlPsW/FR/6CXQqatdpeHY="
    },
    "wrap-ansi": {
      "version": "2.1.0",
      "resolved": "https://registry.npmjs.org/wrap-ansi/-/wrap-ansi-2.1.0.tgz",
      "integrity": "sha1-2Pw9KE3QV5T+hJc8rs3Rz4JP3YU=",
      "requires": {
        "string-width": "^1.0.1",
        "strip-ansi": "^3.0.1"
      }
    },
    "wrappy": {
      "version": "1.0.2",
      "resolved": "https://registry.npmjs.org/wrappy/-/wrappy-1.0.2.tgz",
      "integrity": "sha1-tSQ9jz7BqjXxNkYFvA0QNuMKtp8="
    },
    "y18n": {
      "version": "3.2.2",
      "resolved": "https://registry.npmjs.org/y18n/-/y18n-3.2.2.tgz",
      "integrity": "sha512-uGZHXkHnhF0XeeAPgnKfPv1bgKAYyVvmNL1xlKsPYZPaIHxGti2hHqvOCQv71XMsLxu1QjergkqogUnms5D3YQ=="
    },
    "yallist": {
      "version": "4.0.0",
      "resolved": "https://registry.npmjs.org/yallist/-/yallist-4.0.0.tgz",
      "integrity": "sha512-3wdGidZyq5PB084XLES5TpOSRA3wjXAlIWMhum2kRcv/41Sn2emQ0dycQW4uZXLejwKvg6EsvbdlVL+FYEct7A=="
    },
    "yargs": {
      "version": "3.32.0",
      "resolved": "https://registry.npmjs.org/yargs/-/yargs-3.32.0.tgz",
      "integrity": "sha1-AwiOnr+edWtpdRYR0qXvWRSCyZU=",
      "requires": {
        "camelcase": "^2.0.1",
        "cliui": "^3.0.3",
        "decamelize": "^1.1.1",
        "os-locale": "^1.4.0",
        "string-width": "^1.0.1",
        "window-size": "^0.1.4",
        "y18n": "^3.2.0"
      }
    }
  }
}
